<?xml version="1.0" encoding="utf-8"?>
<Project ToolsVersion="4.0" xmlns="http://schemas.microsoft.com/developer/msbuild/2003">
  <ItemGroup>
    <Filter Include="Source Files">
      <UniqueIdentifier>{4FC737F1-C7A5-4376-A066-2A32D752A2FF}</UniqueIdentifier>
      <Extensions>cpp;c;cc;cxx;c++;cppm;ixx;def;odl;idl;hpj;bat;asm;asmx</Extensions>
    </Filter>
    <Filter Include="Header Files">
      <UniqueIdentifier>{93995380-89BD-4b04-88EB-625FBE52EBFB}</UniqueIdentifier>
      <Extensions>h;hh;hpp;hxx;h++;hm;inl;inc;ipp;xsd</Extensions>
    </Filter>
    <Filter Include="Dependencies">
      <UniqueIdentifier>{9802824a-7249-49b6-8a01-66b2a7bd1cd2}</UniqueIdentifier>
    </Filter>
    <Filter Include="Dependencies\glad">
      <UniqueIdentifier>{a5792c30-ff80-481c-913c-fec4576e4ea2}</UniqueIdentifier>
    </Filter>
    <Filter Include="Dependencies\imgui">
      <UniqueIdentifier>{d52d53ef-57f9-488b-9d23-976d5b8dd562}</UniqueIdentifier>
    </Filter>
    <Filter Include="Source Files\Application">
      <UniqueIdentifier>{5b4828b0-6ba8-4b7d-8b64-f46a42e8b00c}</UniqueIdentifier>
    </Filter>
    <Filter Include="Source Files\GLClasses">
      <UniqueIdentifier>{85b35144-bb9f-471c-9bd0-dcb7e3d6dbfd}</UniqueIdentifier>
    </Filter>
    <Filter Include="Source Files\Misc">
      <UniqueIdentifier>{9a9b706d-9351-4099-ab98-f9859e0998da}</UniqueIdentifier>
    </Filter>
    <Filter Include="Source Files\Shaders">
      <UniqueIdentifier>{d4e2325e-7095-4f06-b08e-af80d6e9046e}</UniqueIdentifier>
    </Filter>
    <Filter Include="Source Files\voxel-rt">
      <UniqueIdentifier>{e9c3fd4d-2a2f-475a-a3d9-f924f3d7a199}</UniqueIdentifier>
    </Filter>
    <Filter Include="Source Files\fn">
      <UniqueIdentifier>{d0ffc46d-ce8b-4343-8e68-a26f49518a24}</UniqueIdentifier>
    </Filter>
  </ItemGroup>
  <ItemGroup>
    <ClCompile Include="Dependencies\glad\src\glad.c">
      <Filter>Dependencies\glad</Filter>
    </ClCompile>
    <ClCompile Include="Dependencies\imgui\imgui.cpp">
      <Filter>Dependencies\imgui</Filter>
    </ClCompile>
    <ClCompile Include="Dependencies\imgui\imgui_demo.cpp">
      <Filter>Dependencies\imgui</Filter>
    </ClCompile>
    <ClCompile Include="Dependencies\imgui\imgui_draw.cpp">
      <Filter>Dependencies\imgui</Filter>
    </ClCompile>
    <ClCompile Include="Dependencies\imgui\imgui_impl_glfw.cpp">
      <Filter>Dependencies\imgui</Filter>
    </ClCompile>
    <ClCompile Include="Dependencies\imgui\imgui_impl_opengl3.cpp">
      <Filter>Dependencies\imgui</Filter>
    </ClCompile>
    <ClCompile Include="Dependencies\imgui\imgui_widgets.cpp">
      <Filter>Dependencies\imgui</Filter>
    </ClCompile>
    <ClCompile Include="main.cpp">
      <Filter>Source Files</Filter>
    </ClCompile>
    <ClCompile Include="Core\Application\Application.cpp">
      <Filter>Source Files\Application</Filter>
    </ClCompile>
    <ClCompile Include="Core\Application\Logger.cpp">
      <Filter>Source Files\Application</Filter>
    </ClCompile>
    <ClCompile Include="Core\GLClasses\Fps.cpp">
      <Filter>Source Files\GLClasses</Filter>
    </ClCompile>
    <ClCompile Include="Core\GLClasses\Framebuffer.cpp">
      <Filter>Source Files\GLClasses</Filter>
    </ClCompile>
    <ClCompile Include="Core\GLClasses\FramebufferRed.cpp">
      <Filter>Source Files\GLClasses</Filter>
    </ClCompile>
    <ClCompile Include="Core\GLClasses\IndexBuffer.cpp">
      <Filter>Source Files\GLClasses</Filter>
    </ClCompile>
    <ClCompile Include="Core\GLClasses\Shader.cpp">
      <Filter>Source Files\GLClasses</Filter>
    </ClCompile>
    <ClCompile Include="Core\GLClasses\stb_image.cpp">
      <Filter>Source Files\GLClasses</Filter>
    </ClCompile>
    <ClCompile Include="Core\GLClasses\Texture.cpp">
      <Filter>Source Files\GLClasses</Filter>
    </ClCompile>
    <ClCompile Include="Core\GLClasses\TextureArray.cpp">
      <Filter>Source Files\GLClasses</Filter>
    </ClCompile>
    <ClCompile Include="Core\GLClasses\VertexArray.cpp">
      <Filter>Source Files\GLClasses</Filter>
    </ClCompile>
    <ClCompile Include="Core\GLClasses\VertexBuffer.cpp">
      <Filter>Source Files\GLClasses</Filter>
    </ClCompile>
    <ClCompile Include="Core\FpsCamera.cpp">
      <Filter>Source Files\Misc</Filter>
    </ClCompile>
    <ClCompile Include="Core\OrthographicCamera.cpp">
      <Filter>Source Files\Misc</Filter>
    </ClCompile>
    <ClCompile Include="Core\World.cpp">
      <Filter>Source Files\voxel-rt</Filter>
    </ClCompile>
    <ClCompile Include="Core\Texture3D.cpp">
      <Filter>Source Files\voxel-rt</Filter>
    </ClCompile>
    <ClCompile Include="Core\GLClasses\ComputeShader.cpp">
      <Filter>Source Files\GLClasses</Filter>
    </ClCompile>
    <ClCompile Include="Core\RenderTexture.cpp">
      <Filter>Source Files\GLClasses</Filter>
    </ClCompile>
    <ClCompile Include="Core\WorldGenerator.cpp">
      <Filter>Source Files\voxel-rt</Filter>
    </ClCompile>
    <ClCompile Include="Dependencies\fast_noise\FastNoise.cpp">
      <Filter>Source Files\fn</Filter>
    </ClCompile>
    <ClCompile Include="Core\InitialTraceFBO.cpp">
      <Filter>Source Files\voxel-rt</Filter>
    </ClCompile>
    <ClCompile Include="Core\GLClasses\CubeTextureMap.cpp">
      <Filter>Source Files\GLClasses</Filter>
    </ClCompile>
    <ClCompile Include="Core\BlockDatabase.cpp">
      <Filter>Source Files\voxel-rt</Filter>
    </ClCompile>
    <ClCompile Include="Core\BlockDatabaseParser.cpp">
      <Filter>Source Files\voxel-rt</Filter>
    </ClCompile>
  </ItemGroup>
  <ItemGroup>
    <ClInclude Include="Dependencies\imgui\imconfig.h">
      <Filter>Dependencies\imgui</Filter>
    </ClInclude>
    <ClInclude Include="Dependencies\imgui\imgui.h">
      <Filter>Dependencies\imgui</Filter>
    </ClInclude>
    <ClInclude Include="Dependencies\imgui\imgui_impl_glfw.h">
      <Filter>Dependencies\imgui</Filter>
    </ClInclude>
    <ClInclude Include="Dependencies\imgui\imgui_impl_opengl3.h">
      <Filter>Dependencies\imgui</Filter>
    </ClInclude>
    <ClInclude Include="Dependencies\imgui\imgui_internal.h">
      <Filter>Dependencies\imgui</Filter>
    </ClInclude>
    <ClInclude Include="Dependencies\imgui\imstb_rectpack.h">
      <Filter>Dependencies\imgui</Filter>
    </ClInclude>
    <ClInclude Include="Dependencies\imgui\imstb_textedit.h">
      <Filter>Dependencies\imgui</Filter>
    </ClInclude>
    <ClInclude Include="Dependencies\imgui\imstb_truetype.h">
      <Filter>Dependencies\imgui</Filter>
    </ClInclude>
    <ClInclude Include="Core\Application\Application.h">
      <Filter>Source Files\Application</Filter>
    </ClInclude>
    <ClInclude Include="Core\Application\Logger.h">
      <Filter>Source Files\Application</Filter>
    </ClInclude>
    <ClInclude Include="Core\GLClasses\Fps.h">
      <Filter>Source Files\GLClasses</Filter>
    </ClInclude>
    <ClInclude Include="Core\GLClasses\Framebuffer.h">
      <Filter>Source Files\GLClasses</Filter>
    </ClInclude>
    <ClInclude Include="Core\GLClasses\FramebufferRed.h">
      <Filter>Source Files\GLClasses</Filter>
    </ClInclude>
    <ClInclude Include="Core\GLClasses\IndexBuffer.h">
      <Filter>Source Files\GLClasses</Filter>
    </ClInclude>
    <ClInclude Include="Core\GLClasses\Shader.h">
      <Filter>Source Files\GLClasses</Filter>
    </ClInclude>
    <ClInclude Include="Core\GLClasses\stb_image.h">
      <Filter>Source Files\GLClasses</Filter>
    </ClInclude>
    <ClInclude Include="Core\GLClasses\Texture.h">
      <Filter>Source Files\GLClasses</Filter>
    </ClInclude>
    <ClInclude Include="Core\GLClasses\TextureArray.h">
      <Filter>Source Files\GLClasses</Filter>
    </ClInclude>
    <ClInclude Include="Core\GLClasses\VertexArray.h">
      <Filter>Source Files\GLClasses</Filter>
    </ClInclude>
    <ClInclude Include="Core\GLClasses\VertexBuffer.h">
      <Filter>Source Files\GLClasses</Filter>
    </ClInclude>
    <ClInclude Include="Core\FpsCamera.h">
      <Filter>Source Files\Misc</Filter>
    </ClInclude>
    <ClInclude Include="Core\OrthographicCamera.h">
      <Filter>Source Files\Misc</Filter>
    </ClInclude>
    <ClInclude Include="Core\World.h">
      <Filter>Source Files\voxel-rt</Filter>
    </ClInclude>
    <ClInclude Include="Core\Texture3D.h">
      <Filter>Source Files\voxel-rt</Filter>
    </ClInclude>
    <ClInclude Include="Core\Block.h">
      <Filter>Source Files\voxel-rt</Filter>
    </ClInclude>
    <ClInclude Include="Core\GLClasses\ComputeShader.h">
      <Filter>Source Files\GLClasses</Filter>
    </ClInclude>
    <ClInclude Include="Core\RenderTexture.h">
      <Filter>Source Files\GLClasses</Filter>
    </ClInclude>
    <ClInclude Include="Core\WorldGenerator.h">
      <Filter>Source Files\voxel-rt</Filter>
    </ClInclude>
    <ClInclude Include="Dependencies\fast_noise\FastNoise.h">
      <Filter>Source Files\fn</Filter>
    </ClInclude>
    <ClInclude Include="Core\InitialTraceFBO.h">
      <Filter>Source Files\voxel-rt</Filter>
    </ClInclude>
    <ClInclude Include="Core\GLClasses\CubeTextureMap.h">
      <Filter>Source Files\GLClasses</Filter>
    </ClInclude>
    <ClInclude Include="Core\BlockDatabase.h">
      <Filter>Source Files\voxel-rt</Filter>
    </ClInclude>
    <ClInclude Include="Core\BlockDatabaseParser.h">
      <Filter>Source Files\voxel-rt</Filter>
    </ClInclude>
  </ItemGroup>
  <ItemGroup>
    <None Include="Dependencies\fast_noise\LICENSE">
      <Filter>Source Files\fn</Filter>
    </None>
    <None Include="Dependencies\fast_noise\README.md">
      <Filter>Source Files\fn</Filter>
    </None>
    <None Include="Core\Shaders\FBOFrag.glsl">
      <Filter>Source Files\Shaders</Filter>
    </None>
    <None Include="Core\Shaders\FBOVert.glsl">
      <Filter>Source Files\Shaders</Filter>
    </None>
    <None Include="Core\Shaders\InitialRayTraceFrag.glsl">
      <Filter>Source Files\Shaders</Filter>
    </None>
    <None Include="Core\Shaders\RayTraceCompute.comp">
      <Filter>Source Files\Shaders</Filter>
    </None>
    <None Include="Core\Shaders\RayTraceVert.glsl">
      <Filter>Source Files\Shaders</Filter>
    </None>
    <None Include="Core\Shaders\TemporalFilter.glsl">
      <Filter>Source Files\Shaders</Filter>
    </None>
    <None Include="Core\Shaders\SmartDenoise.glsl">
      <Filter>Source Files\Shaders</Filter>
    </None>
    <None Include="Core\Shaders\ColorPassFrag.glsl">
      <Filter>Source Files\Shaders</Filter>
    </None>
  </ItemGroup>
  <ItemGroup>
    <Text Include="Core\Shaders\DiffuseRayTraceFrag.glsl">
      <Filter>Source Files\Shaders</Filter>
    </Text>
  </ItemGroup>
</Project>